
Microsoft Visual Studio Solution File, Format Version 12.00
# Visual Studio 15
VisualStudioVersion = 15.0.26124.0
MinimumVisualStudioVersion = 15.0.26124.0
Project("{2150E333-8FDC-42A3-9474-1A3956D46DE8}") = "src", "src", "{4839CA98-57AF-4AA4-B451-3162CE1649B9}"
EndProject
Project("{FAE04EC0-301F-11D3-BF4B-00C04F79EFBC}") = "IdentityServer", "src\IdentityServer\IdentityServer.csproj", "{C2A15200-C563-461A-8F7B-1D2C4AB36828}"
EndProject
Project("{FAE04EC0-301F-11D3-BF4B-00C04F79EFBC}") = "Api", "src\Api\Api.csproj", "{EEE4F2E7-71CF-4FD0-B02D-0CC4526C1BC6}"
EndProject
Project("{FAE04EC0-301F-11D3-BF4B-00C04F79EFBC}") = "Client", "src\Client\Client.csproj", "{401E58CB-8238-4903-8F11-22FBDB61CCA2}"
EndProject
Project("{FAE04EC0-301F-11D3-BF4B-00C04F79EFBC}") = "MvcClient", "src\MvcClient\MvcClient.csproj", "{A5A0FB7C-D2AC-47A3-9247-388F3EA103FD}"
EndProject
Global
	GlobalSection(SolutionConfigurationPlatforms) = preSolution
		Debug|Any CPU = Debug|Any CPU
		Debug|x64 = Debug|x64
		Debug|x86 = Debug|x86
		Release|Any CPU = Release|Any CPU
		Release|x64 = Release|x64
		Release|x86 = Release|x86
	EndGlobalSection
	GlobalSection(SolutionProperties) = preSolution
		HideSolutionNode = FALSE
	EndGlobalSection
	GlobalSection(ProjectConfigurationPlatforms) = postSolution
		{C2A15200-C563-461A-8F7B-1D2C4AB36828}.Debug|Any CPU.ActiveCfg = Debug|Any CPU
		{C2A15200-C563-461A-8F7B-1D2C4AB36828}.Debug|Any CPU.Build.0 = Debug|Any CPU
		{C2A15200-C563-461A-8F7B-1D2C4AB36828}.Debug|x64.ActiveCfg = Debug|Any CPU
		{C2A15200-C563-461A-8F7B-1D2C4AB36828}.Debug|x64.Build.0 = Debug|Any CPU
		{C2A15200-C563-461A-8F7B-1D2C4AB36828}.Debug|x86.ActiveCfg = Debug|Any CPU
		{C2A15200-C563-461A-8F7B-1D2C4AB36828}.Debug|x86.Build.0 = Debug|Any CPU
		{C2A15200-C563-461A-8F7B-1D2C4AB36828}.Release|Any CPU.ActiveCfg = Release|Any CPU
		{C2A15200-C563-461A-8F7B-1D2C4AB36828}.Release|Any CPU.Build.0 = Release|Any CPU
		{C2A15200-C563-461A-8F7B-1D2C4AB36828}.Release|x64.ActiveCfg = Release|Any CPU
		{C2A15200-C563-461A-8F7B-1D2C4AB36828}.Release|x64.Build.0 = Release|Any CPU
		{C2A15200-C563-461A-8F7B-1D2C4AB36828}.Release|x86.ActiveCfg = Release|Any CPU
		{C2A15200-C563-461A-8F7B-1D2C4AB36828}.Release|x86.Build.0 = Release|Any CPU
		{EEE4F2E7-71CF-4FD0-B02D-0CC4526C1BC6}.Debug|Any CPU.ActiveCfg = Debug|Any CPU
		{EEE4F2E7-71CF-4FD0-B02D-0CC4526C1BC6}.Debug|Any CPU.Build.0 = Debug|Any CPU
		{EEE4F2E7-71CF-4FD0-B02D-0CC4526C1BC6}.Debug|x64.ActiveCfg = Debug|Any CPU
		{EEE4F2E7-71CF-4FD0-B02D-0CC4526C1BC6}.Debug|x64.Build.0 = Debug|Any CPU
		{EEE4F2E7-71CF-4FD0-B02D-0CC4526C1BC6}.Debug|x86.ActiveCfg = Debug|Any CPU
		{EEE4F2E7-71CF-4FD0-B02D-0CC4526C1BC6}.Debug|x86.Build.0 = Debug|Any CPU
		{EEE4F2E7-71CF-4FD0-B02D-0CC4526C1BC6}.Release|Any CPU.ActiveCfg = Release|Any CPU
		{EEE4F2E7-71CF-4FD0-B02D-0CC4526C1BC6}.Release|Any CPU.Build.0 = Release|Any CPU
		{EEE4F2E7-71CF-4FD0-B02D-0CC4526C1BC6}.Release|x64.ActiveCfg = Release|Any CPU
		{EEE4F2E7-71CF-4FD0-B02D-0CC4526C1BC6}.Release|x64.Build.0 = Release|Any CPU
		{EEE4F2E7-71CF-4FD0-B02D-0CC4526C1BC6}.Release|x86.ActiveCfg = Release|Any CPU
		{EEE4F2E7-71CF-4FD0-B02D-0CC4526C1BC6}.Release|x86.Build.0 = Release|Any CPU
		{401E58CB-8238-4903-8F11-22FBDB61CCA2}.Debug|Any CPU.ActiveCfg = Debug|Any CPU
		{401E58CB-8238-4903-8F11-22FBDB61CCA2}.Debug|Any CPU.Build.0 = Debug|Any CPU
		{401E58CB-8238-4903-8F11-22FBDB61CCA2}.Debug|x64.ActiveCfg = Debug|Any CPU
		{401E58CB-8238-4903-8F11-22FBDB61CCA2}.Debug|x64.Build.0 = Debug|Any CPU
		{401E58CB-8238-4903-8F11-22FBDB61CCA2}.Debug|x86.ActiveCfg = Debug|Any CPU
		{401E58CB-8238-4903-8F11-22FBDB61CCA2}.Debug|x86.Build.0 = Debug|Any CPU
		{401E58CB-8238-4903-8F11-22FBDB61CCA2}.Release|Any CPU.ActiveCfg = Release|Any CPU
		{401E58CB-8238-4903-8F11-22FBDB61CCA2}.Release|Any CPU.Build.0 = Release|Any CPU
		{401E58CB-8238-4903-8F11-22FBDB61CCA2}.Release|x64.ActiveCfg = Release|Any CPU
		{401E58CB-8238-4903-8F11-22FBDB61CCA2}.Release|x64.Build.0 = Release|Any CPU
		{401E58CB-8238-4903-8F11-22FBDB61CCA2}.Release|x86.ActiveCfg = Release|Any CPU
		{401E58CB-8238-4903-8F11-22FBDB61CCA2}.Release|x86.Build.0 = Release|Any CPU
		{A5A0FB7C-D2AC-47A3-9247-388F3EA103FD}.Debug|Any CPU.ActiveCfg = Debug|Any CPU
		{A5A0FB7C-D2AC-47A3-9247-388F3EA103FD}.Debug|Any CPU.Build.0 = Debug|Any CPU
		{A5A0FB7C-D2AC-47A3-9247-388F3EA103FD}.Debug|x64.ActiveCfg = Debug|Any CPU
		{A5A0FB7C-D2AC-47A3-9247-388F3EA103FD}.Debug|x64.Build.0 = Debug|Any CPU
		{A5A0FB7C-D2AC-47A3-9247-388F3EA103FD}.Debug|x86.ActiveCfg = Debug|Any CPU
		{A5A0FB7C-D2AC-47A3-9247-388F3EA103FD}.Debug|x86.Build.0 = Debug|Any CPU
		{A5A0FB7C-D2AC-47A3-9247-388F3EA103FD}.Release|Any CPU.ActiveCfg = Release|Any CPU
		{A5A0FB7C-D2AC-47A3-9247-388F3EA103FD}.Release|Any CPU.Build.0 = Release|Any CPU
		{A5A0FB7C-D2AC-47A3-9247-388F3EA103FD}.Release|x64.ActiveCfg = Release|Any CPU
		{A5A0FB7C-D2AC-47A3-9247-388F3EA103FD}.Release|x64.Build.0 = Release|Any CPU
		{A5A0FB7C-D2AC-47A3-9247-388F3EA103FD}.Release|x86.ActiveCfg = Release|Any CPU
		{A5A0FB7C-D2AC-47A3-9247-388F3EA103FD}.Release|x86.Build.0 = Release|Any CPU
	EndGlobalSection
	GlobalSection(NestedProjects) = preSolution
		{C2A15200-C563-461A-8F7B-1D2C4AB36828} = {4839CA98-57AF-4AA4-B451-3162CE1649B9}
		{EEE4F2E7-71CF-4FD0-B02D-0CC4526C1BC6} = {4839CA98-57AF-4AA4-B451-3162CE1649B9}
		{401E58CB-8238-4903-8F11-22FBDB61CCA2} = {4839CA98-57AF-4AA4-B451-3162CE1649B9}
		{A5A0FB7C-D2AC-47A3-9247-388F3EA103FD} = {4839CA98-57AF-4AA4-B451-3162CE1649B9}
	EndGlobalSection
EndGlobal
